
Microsoft Visual Studio Solution File, Format Version 12.00
# Visual Studio 15
Project("{FAE04EC0-301F-11D3-BF4B-00C04F79EFBC}") = "SkaiserHomework2019", "SkaiserHomework2019\SkaiserHomework2019.csproj", "{6E758146-5E29-43FD-95B3-10EAFF2E0C44}"
EndProject
Global
	GlobalSection(SolutionConfigurationPlatforms) = preSolution
		Debug|Any CPU = Debug|Any CPU
		Release|Any CPU = Release|Any CPU
	EndGlobalSection
	GlobalSection(ProjectConfigurationPlatforms) = postSolution
		{6E758146-5E29-43FD-95B3-10EAFF2E0C44}.Debug|Any CPU.ActiveCfg = Debug|Any CPU
		{6E758146-5E29-43FD-95B3-10EAFF2E0C44}.Debug|Any CPU.Build.0 = Debug|Any CPU
		{6E758146-5E29-43FD-95B3-10EAFF2E0C44}.Release|Any CPU.ActiveCfg = Release|Any CPU
		{6E758146-5E29-43FD-95B3-10EAFF2E0C44}.Release|Any CPU.Build.0 = Release|Any CPU
	EndGlobalSection
EndGlobal
